
Microsoft Visual Studio Solution File, Format Version 12.00
# Visual Studio 14
VisualStudioVersion = 14.0.23107.0
MinimumVisualStudioVersion = 10.0.40219.1
Project("{E24C65DC-7377-472B-9ABA-BC803B73C61A}") = "SamaraParking", "F:\ProyectoSoft2\SamaraParking\", "{8AC71E6B-B752-4DAB-A4D3-8F64AFD24785}"
	ProjectSection(WebsiteProperties) = preProject
		TargetFrameworkMoniker = ".NETFramework,Version%3Dv4.0"
		Debug.AspNetCompiler.VirtualPath = "/localhost_57395"
		Debug.AspNetCompiler.PhysicalPath = "F:\ProyectoSoft2\SamaraParking\"
		Debug.AspNetCompiler.TargetPath = "PrecompiledWeb\localhost_57395\"
		Debug.AspNetCompiler.Updateable = "true"
		Debug.AspNetCompiler.ForceOverwrite = "true"
		Debug.AspNetCompiler.FixedNames = "false"
		Debug.AspNetCompiler.Debug = "True"
		Release.AspNetCompiler.VirtualPath = "/localhost_57395"
		Release.AspNetCompiler.PhysicalPath = "F:\ProyectoSoft2\SamaraParking\"
		Release.AspNetCompiler.TargetPath = "PrecompiledWeb\localhost_57395\"
		Release.AspNetCompiler.Updateable = "true"
		Release.AspNetCompiler.ForceOverwrite = "true"
		Release.AspNetCompiler.FixedNames = "false"
		Release.AspNetCompiler.Debug = "False"
		VWDPort = "57395"
		SlnRelativePath = "F:\ProyectoSoft2\SamaraParking\"
	EndProjectSection
EndProject
Global
	GlobalSection(SolutionConfigurationPlatforms) = preSolution
		Debug|Any CPU = Debug|Any CPU
	EndGlobalSection
	GlobalSection(ProjectConfigurationPlatforms) = postSolution
		{8AC71E6B-B752-4DAB-A4D3-8F64AFD24785}.Debug|Any CPU.ActiveCfg = Debug|Any CPU
		{8AC71E6B-B752-4DAB-A4D3-8F64AFD24785}.Debug|Any CPU.Build.0 = Debug|Any CPU
	EndGlobalSection
	GlobalSection(SolutionProperties) = preSolution
		HideSolutionNode = FALSE
	EndGlobalSection
EndGlobal
